
Microsoft Visual Studio Solution File, Format Version 12.00
# Visual Studio 15
VisualStudioVersion = 15.0.27703.2047
MinimumVisualStudioVersion = 10.0.40219.1
Project("{FAE04EC0-301F-11D3-BF4B-00C04F79EFBC}") = "Sales.Android", "Sales\Sales.Android\Sales.Android.csproj", "{78E4D721-5AA2-470E-B767-BDE7108A4C0F}"
EndProject
Project("{FAE04EC0-301F-11D3-BF4B-00C04F79EFBC}") = "Sales.iOS", "Sales\Sales.iOS\Sales.iOS.csproj", "{A6C1917D-95B9-4706-9EAC-7C29883A918D}"
EndProject
Project("{FAE04EC0-301F-11D3-BF4B-00C04F79EFBC}") = "Sales", "Sales\Sales\Sales.csproj", "{6D050A9D-D18C-4EA3-AA33-CBC42F5BA8D4}"
EndProject
Project("{FAE04EC0-301F-11D3-BF4B-00C04F79EFBC}") = "Sales.Backend", "Sales.Backend\Sales.Backend.csproj", "{DE270320-02E2-46D0-AA76-D8E482645DBF}"
EndProject
Project("{FAE04EC0-301F-11D3-BF4B-00C04F79EFBC}") = "Sales.API", "Sales.API\Sales.API.csproj", "{8434EB4C-83EF-4BA2-A1CC-041614B5076C}"
EndProject
Project("{FAE04EC0-301F-11D3-BF4B-00C04F79EFBC}") = "Sales.Domain", "Sales.Domain\Sales.Domain.csproj", "{E72653EC-CD62-4E52-8760-3F62A6553078}"
EndProject
Project("{FAE04EC0-301F-11D3-BF4B-00C04F79EFBC}") = "Sales.Common", "Sales.Common\Sales.Common.csproj", "{58D55A1C-2169-4760-9BC3-4361741C6A25}"
EndProject
Global
	GlobalSection(SolutionConfigurationPlatforms) = preSolution
		Ad-Hoc|Any CPU = Ad-Hoc|Any CPU
		Ad-Hoc|iPhone = Ad-Hoc|iPhone
		Ad-Hoc|iPhoneSimulator = Ad-Hoc|iPhoneSimulator
		AppStore|Any CPU = AppStore|Any CPU
		AppStore|iPhone = AppStore|iPhone
		AppStore|iPhoneSimulator = AppStore|iPhoneSimulator
		Debug|Any CPU = Debug|Any CPU
		Debug|iPhone = Debug|iPhone
		Debug|iPhoneSimulator = Debug|iPhoneSimulator
		Release|Any CPU = Release|Any CPU
		Release|iPhone = Release|iPhone
		Release|iPhoneSimulator = Release|iPhoneSimulator
	EndGlobalSection
	GlobalSection(ProjectConfigurationPlatforms) = postSolution
		{78E4D721-5AA2-470E-B767-BDE7108A4C0F}.Ad-Hoc|Any CPU.ActiveCfg = Release|Any CPU
		{78E4D721-5AA2-470E-B767-BDE7108A4C0F}.Ad-Hoc|Any CPU.Build.0 = Release|Any CPU
		{78E4D721-5AA2-470E-B767-BDE7108A4C0F}.Ad-Hoc|Any CPU.Deploy.0 = Release|Any CPU
		{78E4D721-5AA2-470E-B767-BDE7108A4C0F}.Ad-Hoc|iPhone.ActiveCfg = Release|Any CPU
		{78E4D721-5AA2-470E-B767-BDE7108A4C0F}.Ad-Hoc|iPhone.Build.0 = Release|Any CPU
		{78E4D721-5AA2-470E-B767-BDE7108A4C0F}.Ad-Hoc|iPhone.Deploy.0 = Release|Any CPU
		{78E4D721-5AA2-470E-B767-BDE7108A4C0F}.Ad-Hoc|iPhoneSimulator.ActiveCfg = Release|Any CPU
		{78E4D721-5AA2-470E-B767-BDE7108A4C0F}.Ad-Hoc|iPhoneSimulator.Build.0 = Release|Any CPU
		{78E4D721-5AA2-470E-B767-BDE7108A4C0F}.Ad-Hoc|iPhoneSimulator.Deploy.0 = Release|Any CPU
		{78E4D721-5AA2-470E-B767-BDE7108A4C0F}.AppStore|Any CPU.ActiveCfg = Release|Any CPU
		{78E4D721-5AA2-470E-B767-BDE7108A4C0F}.AppStore|Any CPU.Build.0 = Release|Any CPU
		{78E4D721-5AA2-470E-B767-BDE7108A4C0F}.AppStore|Any CPU.Deploy.0 = Release|Any CPU
		{78E4D721-5AA2-470E-B767-BDE7108A4C0F}.AppStore|iPhone.ActiveCfg = Release|Any CPU
		{78E4D721-5AA2-470E-B767-BDE7108A4C0F}.AppStore|iPhone.Build.0 = Release|Any CPU
		{78E4D721-5AA2-470E-B767-BDE7108A4C0F}.AppStore|iPhone.Deploy.0 = Release|Any CPU
		{78E4D721-5AA2-470E-B767-BDE7108A4C0F}.AppStore|iPhoneSimulator.ActiveCfg = Release|Any CPU
		{78E4D721-5AA2-470E-B767-BDE7108A4C0F}.AppStore|iPhoneSimulator.Build.0 = Release|Any CPU
		{78E4D721-5AA2-470E-B767-BDE7108A4C0F}.AppStore|iPhoneSimulator.Deploy.0 = Release|Any CPU
		{78E4D721-5AA2-470E-B767-BDE7108A4C0F}.Debug|Any CPU.ActiveCfg = Debug|Any CPU
		{78E4D721-5AA2-470E-B767-BDE7108A4C0F}.Debug|Any CPU.Build.0 = Debug|Any CPU
		{78E4D721-5AA2-470E-B767-BDE7108A4C0F}.Debug|Any CPU.Deploy.0 = Debug|Any CPU
		{78E4D721-5AA2-470E-B767-BDE7108A4C0F}.Debug|iPhone.ActiveCfg = Debug|Any CPU
		{78E4D721-5AA2-470E-B767-BDE7108A4C0F}.Debug|iPhone.Build.0 = Debug|Any CPU
		{78E4D721-5AA2-470E-B767-BDE7108A4C0F}.Debug|iPhone.Deploy.0 = Debug|Any CPU
		{78E4D721-5AA2-470E-B767-BDE7108A4C0F}.Debug|iPhoneSimulator.ActiveCfg = Debug|Any CPU
		{78E4D721-5AA2-470E-B767-BDE7108A4C0F}.Debug|iPhoneSimulator.Build.0 = Debug|Any CPU
		{78E4D721-5AA2-470E-B767-BDE7108A4C0F}.Debug|iPhoneSimulator.Deploy.0 = Debug|Any CPU
		{78E4D721-5AA2-470E-B767-BDE7108A4C0F}.Release|Any CPU.ActiveCfg = Release|Any CPU
		{78E4D721-5AA2-470E-B767-BDE7108A4C0F}.Release|Any CPU.Build.0 = Release|Any CPU
		{78E4D721-5AA2-470E-B767-BDE7108A4C0F}.Release|Any CPU.Deploy.0 = Release|Any CPU
		{78E4D721-5AA2-470E-B767-BDE7108A4C0F}.Release|iPhone.ActiveCfg = Release|Any CPU
		{78E4D721-5AA2-470E-B767-BDE7108A4C0F}.Release|iPhone.Build.0 = Release|Any CPU
		{78E4D721-5AA2-470E-B767-BDE7108A4C0F}.Release|iPhone.Deploy.0 = Release|Any CPU
		{78E4D721-5AA2-470E-B767-BDE7108A4C0F}.Release|iPhoneSimulator.ActiveCfg = Release|Any CPU
		{78E4D721-5AA2-470E-B767-BDE7108A4C0F}.Release|iPhoneSimulator.Build.0 = Release|Any CPU
		{78E4D721-5AA2-470E-B767-BDE7108A4C0F}.Release|iPhoneSimulator.Deploy.0 = Release|Any CPU
		{A6C1917D-95B9-4706-9EAC-7C29883A918D}.Ad-Hoc|Any CPU.ActiveCfg = Ad-Hoc|iPhone
		{A6C1917D-95B9-4706-9EAC-7C29883A918D}.Ad-Hoc|Any CPU.Build.0 = Ad-Hoc|iPhone
		{A6C1917D-95B9-4706-9EAC-7C29883A918D}.Ad-Hoc|Any CPU.Deploy.0 = Ad-Hoc|iPhone
		{A6C1917D-95B9-4706-9EAC-7C29883A918D}.Ad-Hoc|iPhone.ActiveCfg = Ad-Hoc|iPhone
		{A6C1917D-95B9-4706-9EAC-7C29883A918D}.Ad-Hoc|iPhone.Build.0 = Ad-Hoc|iPhone
		{A6C1917D-95B9-4706-9EAC-7C29883A918D}.Ad-Hoc|iPhone.Deploy.0 = Ad-Hoc|iPhone
		{A6C1917D-95B9-4706-9EAC-7C29883A918D}.Ad-Hoc|iPhoneSimulator.ActiveCfg = Ad-Hoc|iPhoneSimulator
		{A6C1917D-95B9-4706-9EAC-7C29883A918D}.Ad-Hoc|iPhoneSimulator.Build.0 = Ad-Hoc|iPhoneSimulator
		{A6C1917D-95B9-4706-9EAC-7C29883A918D}.Ad-Hoc|iPhoneSimulator.Deploy.0 = Ad-Hoc|iPhoneSimulator
		{A6C1917D-95B9-4706-9EAC-7C29883A918D}.AppStore|Any CPU.ActiveCfg = AppStore|iPhone
		{A6C1917D-95B9-4706-9EAC-7C29883A918D}.AppStore|Any CPU.Build.0 = AppStore|iPhone
		{A6C1917D-95B9-4706-9EAC-7C29883A918D}.AppStore|Any CPU.Deploy.0 = AppStore|iPhone
		{A6C1917D-95B9-4706-9EAC-7C29883A918D}.AppStore|iPhone.ActiveCfg = AppStore|iPhone
		{A6C1917D-95B9-4706-9EAC-7C29883A918D}.AppStore|iPhone.Build.0 = AppStore|iPhone
		{A6C1917D-95B9-4706-9EAC-7C29883A918D}.AppStore|iPhone.Deploy.0 = AppStore|iPhone
		{A6C1917D-95B9-4706-9EAC-7C29883A918D}.AppStore|iPhoneSimulator.ActiveCfg = AppStore|iPhoneSimulator
		{A6C1917D-95B9-4706-9EAC-7C29883A918D}.AppStore|iPhoneSimulator.Build.0 = AppStore|iPhoneSimulator
		{A6C1917D-95B9-4706-9EAC-7C29883A918D}.AppStore|iPhoneSimulator.Deploy.0 = AppStore|iPhoneSimulator
		{A6C1917D-95B9-4706-9EAC-7C29883A918D}.Debug|Any CPU.ActiveCfg = Debug|iPhoneSimulator
		{A6C1917D-95B9-4706-9EAC-7C29883A918D}.Debug|Any CPU.Build.0 = Debug|iPhoneSimulator
		{A6C1917D-95B9-4706-9EAC-7C29883A918D}.Debug|Any CPU.Deploy.0 = Debug|iPhoneSimulator
		{A6C1917D-95B9-4706-9EAC-7C29883A918D}.Debug|iPhone.ActiveCfg = Debug|iPhone
		{A6C1917D-95B9-4706-9EAC-7C29883A918D}.Debug|iPhone.Build.0 = Debug|iPhone
		{A6C1917D-95B9-4706-9EAC-7C29883A918D}.Debug|iPhone.Deploy.0 = Debug|iPhone
		{A6C1917D-95B9-4706-9EAC-7C29883A918D}.Debug|iPhoneSimulator.ActiveCfg = Debug|iPhoneSimulator
		{A6C1917D-95B9-4706-9EAC-7C29883A918D}.Debug|iPhoneSimulator.Build.0 = Debug|iPhoneSimulator
		{A6C1917D-95B9-4706-9EAC-7C29883A918D}.Debug|iPhoneSimulator.Deploy.0 = Debug|iPhoneSimulator
		{A6C1917D-95B9-4706-9EAC-7C29883A918D}.Release|Any CPU.ActiveCfg = Release|iPhone
		{A6C1917D-95B9-4706-9EAC-7C29883A918D}.Release|Any CPU.Build.0 = Release|iPhone
		{A6C1917D-95B9-4706-9EAC-7C29883A918D}.Release|Any CPU.Deploy.0 = Release|iPhone
		{A6C1917D-95B9-4706-9EAC-7C29883A918D}.Release|iPhone.ActiveCfg = Release|iPhone
		{A6C1917D-95B9-4706-9EAC-7C29883A918D}.Release|iPhone.Build.0 = Release|iPhone
		{A6C1917D-95B9-4706-9EAC-7C29883A918D}.Release|iPhone.Deploy.0 = Release|iPhone
		{A6C1917D-95B9-4706-9EAC-7C29883A918D}.Release|iPhoneSimulator.ActiveCfg = Release|iPhoneSimulator
		{A6C1917D-95B9-4706-9EAC-7C29883A918D}.Release|iPhoneSimulator.Build.0 = Release|iPhoneSimulator
		{A6C1917D-95B9-4706-9EAC-7C29883A918D}.Release|iPhoneSimulator.Deploy.0 = Release|iPhoneSimulator
		{6D050A9D-D18C-4EA3-AA33-CBC42F5BA8D4}.Ad-Hoc|Any CPU.ActiveCfg = Debug|Any CPU
		{6D050A9D-D18C-4EA3-AA33-CBC42F5BA8D4}.Ad-Hoc|Any CPU.Build.0 = Debug|Any CPU
		{6D050A9D-D18C-4EA3-AA33-CBC42F5BA8D4}.Ad-Hoc|Any CPU.Deploy.0 = Debug|Any CPU
		{6D050A9D-D18C-4EA3-AA33-CBC42F5BA8D4}.Ad-Hoc|iPhone.ActiveCfg = Debug|Any CPU
		{6D050A9D-D18C-4EA3-AA33-CBC42F5BA8D4}.Ad-Hoc|iPhone.Build.0 = Debug|Any CPU
		{6D050A9D-D18C-4EA3-AA33-CBC42F5BA8D4}.Ad-Hoc|iPhone.Deploy.0 = Debug|Any CPU
		{6D050A9D-D18C-4EA3-AA33-CBC42F5BA8D4}.Ad-Hoc|iPhoneSimulator.ActiveCfg = Debug|Any CPU
		{6D050A9D-D18C-4EA3-AA33-CBC42F5BA8D4}.Ad-Hoc|iPhoneSimulator.Build.0 = Debug|Any CPU
		{6D050A9D-D18C-4EA3-AA33-CBC42F5BA8D4}.Ad-Hoc|iPhoneSimulator.Deploy.0 = Debug|Any CPU
		{6D050A9D-D18C-4EA3-AA33-CBC42F5BA8D4}.AppStore|Any CPU.ActiveCfg = Debug|Any CPU
		{6D050A9D-D18C-4EA3-AA33-CBC42F5BA8D4}.AppStore|Any CPU.Build.0 = Debug|Any CPU
		{6D050A9D-D18C-4EA3-AA33-CBC42F5BA8D4}.AppStore|Any CPU.Deploy.0 = Debug|Any CPU
		{6D050A9D-D18C-4EA3-AA33-CBC42F5BA8D4}.AppStore|iPhone.ActiveCfg = Debug|Any CPU
		{6D050A9D-D18C-4EA3-AA33-CBC42F5BA8D4}.AppStore|iPhone.Build.0 = Debug|Any CPU
		{6D050A9D-D18C-4EA3-AA33-CBC42F5BA8D4}.AppStore|iPhone.Deploy.0 = Debug|Any CPU
		{6D050A9D-D18C-4EA3-AA33-CBC42F5BA8D4}.AppStore|iPhoneSimulator.ActiveCfg = Debug|Any CPU
		{6D050A9D-D18C-4EA3-AA33-CBC42F5BA8D4}.AppStore|iPhoneSimulator.Build.0 = Debug|Any CPU
		{6D050A9D-D18C-4EA3-AA33-CBC42F5BA8D4}.AppStore|iPhoneSimulator.Deploy.0 = Debug|Any CPU
		{6D050A9D-D18C-4EA3-AA33-CBC42F5BA8D4}.Debug|Any CPU.ActiveCfg = Debug|Any CPU
		{6D050A9D-D18C-4EA3-AA33-CBC42F5BA8D4}.Debug|Any CPU.Build.0 = Debug|Any CPU
		{6D050A9D-D18C-4EA3-AA33-CBC42F5BA8D4}.Debug|Any CPU.Deploy.0 = Debug|Any CPU
		{6D050A9D-D18C-4EA3-AA33-CBC42F5BA8D4}.Debug|iPhone.ActiveCfg = Debug|Any CPU
		{6D050A9D-D18C-4EA3-AA33-CBC42F5BA8D4}.Debug|iPhone.Build.0 = Debug|Any CPU
		{6D050A9D-D18C-4EA3-AA33-CBC42F5BA8D4}.Debug|iPhone.Deploy.0 = Debug|Any CPU
		{6D050A9D-D18C-4EA3-AA33-CBC42F5BA8D4}.Debug|iPhoneSimulator.ActiveCfg = Debug|Any CPU
		{6D050A9D-D18C-4EA3-AA33-CBC42F5BA8D4}.Debug|iPhoneSimulator.Build.0 = Debug|Any CPU
		{6D050A9D-D18C-4EA3-AA33-CBC42F5BA8D4}.Debug|iPhoneSimulator.Deploy.0 = Debug|Any CPU
		{6D050A9D-D18C-4EA3-AA33-CBC42F5BA8D4}.Release|Any CPU.ActiveCfg = Release|Any CPU
		{6D050A9D-D18C-4EA3-AA33-CBC42F5BA8D4}.Release|Any CPU.Build.0 = Release|Any CPU
		{6D050A9D-D18C-4EA3-AA33-CBC42F5BA8D4}.Release|Any CPU.Deploy.0 = Release|Any CPU
		{6D050A9D-D18C-4EA3-AA33-CBC42F5BA8D4}.Release|iPhone.ActiveCfg = Release|Any CPU
		{6D050A9D-D18C-4EA3-AA33-CBC42F5BA8D4}.Release|iPhone.Build.0 = Release|Any CPU
		{6D050A9D-D18C-4EA3-AA33-CBC42F5BA8D4}.Release|iPhone.Deploy.0 = Release|Any CPU
		{6D050A9D-D18C-4EA3-AA33-CBC42F5BA8D4}.Release|iPhoneSimulator.ActiveCfg = Release|Any CPU
		{6D050A9D-D18C-4EA3-AA33-CBC42F5BA8D4}.Release|iPhoneSimulator.Build.0 = Release|Any CPU
		{6D050A9D-D18C-4EA3-AA33-CBC42F5BA8D4}.Release|iPhoneSimulator.Deploy.0 = Release|Any CPU
		{DE270320-02E2-46D0-AA76-D8E482645DBF}.Ad-Hoc|Any CPU.ActiveCfg = Release|Any CPU
		{DE270320-02E2-46D0-AA76-D8E482645DBF}.Ad-Hoc|Any CPU.Build.0 = Release|Any CPU
		{DE270320-02E2-46D0-AA76-D8E482645DBF}.Ad-Hoc|iPhone.ActiveCfg = Release|Any CPU
		{DE270320-02E2-46D0-AA76-D8E482645DBF}.Ad-Hoc|iPhone.Build.0 = Release|Any CPU
		{DE270320-02E2-46D0-AA76-D8E482645DBF}.Ad-Hoc|iPhoneSimulator.ActiveCfg = Release|Any CPU
		{DE270320-02E2-46D0-AA76-D8E482645DBF}.Ad-Hoc|iPhoneSimulator.Build.0 = Release|Any CPU
		{DE270320-02E2-46D0-AA76-D8E482645DBF}.AppStore|Any CPU.ActiveCfg = Release|Any CPU
		{DE270320-02E2-46D0-AA76-D8E482645DBF}.AppStore|Any CPU.Build.0 = Release|Any CPU
		{DE270320-02E2-46D0-AA76-D8E482645DBF}.AppStore|iPhone.ActiveCfg = Release|Any CPU
		{DE270320-02E2-46D0-AA76-D8E482645DBF}.AppStore|iPhone.Build.0 = Release|Any CPU
		{DE270320-02E2-46D0-AA76-D8E482645DBF}.AppStore|iPhoneSimulator.ActiveCfg = Release|Any CPU
		{DE270320-02E2-46D0-AA76-D8E482645DBF}.AppStore|iPhoneSimulator.Build.0 = Release|Any CPU
		{DE270320-02E2-46D0-AA76-D8E482645DBF}.Debug|Any CPU.ActiveCfg = Debug|Any CPU
		{DE270320-02E2-46D0-AA76-D8E482645DBF}.Debug|Any CPU.Build.0 = Debug|Any CPU
		{DE270320-02E2-46D0-AA76-D8E482645DBF}.Debug|iPhone.ActiveCfg = Debug|Any CPU
		{DE270320-02E2-46D0-AA76-D8E482645DBF}.Debug|iPhone.Build.0 = Debug|Any CPU
		{DE270320-02E2-46D0-AA76-D8E482645DBF}.Debug|iPhoneSimulator.ActiveCfg = Debug|Any CPU
		{DE270320-02E2-46D0-AA76-D8E482645DBF}.Debug|iPhoneSimulator.Build.0 = Debug|Any CPU
		{DE270320-02E2-46D0-AA76-D8E482645DBF}.Release|Any CPU.ActiveCfg = Release|Any CPU
		{DE270320-02E2-46D0-AA76-D8E482645DBF}.Release|Any CPU.Build.0 = Release|Any CPU
		{DE270320-02E2-46D0-AA76-D8E482645DBF}.Release|iPhone.ActiveCfg = Release|Any CPU
		{DE270320-02E2-46D0-AA76-D8E482645DBF}.Release|iPhone.Build.0 = Release|Any CPU
		{DE270320-02E2-46D0-AA76-D8E482645DBF}.Release|iPhoneSimulator.ActiveCfg = Release|Any CPU
		{DE270320-02E2-46D0-AA76-D8E482645DBF}.Release|iPhoneSimulator.Build.0 = Release|Any CPU
		{8434EB4C-83EF-4BA2-A1CC-041614B5076C}.Ad-Hoc|Any CPU.ActiveCfg = Release|Any CPU
		{8434EB4C-83EF-4BA2-A1CC-041614B5076C}.Ad-Hoc|Any CPU.Build.0 = Release|Any CPU
		{8434EB4C-83EF-4BA2-A1CC-041614B5076C}.Ad-Hoc|iPhone.ActiveCfg = Release|Any CPU
		{8434EB4C-83EF-4BA2-A1CC-041614B5076C}.Ad-Hoc|iPhone.Build.0 = Release|Any CPU
		{8434EB4C-83EF-4BA2-A1CC-041614B5076C}.Ad-Hoc|iPhoneSimulator.ActiveCfg = Release|Any CPU
		{8434EB4C-83EF-4BA2-A1CC-041614B5076C}.Ad-Hoc|iPhoneSimulator.Build.0 = Release|Any CPU
		{8434EB4C-83EF-4BA2-A1CC-041614B5076C}.AppStore|Any CPU.ActiveCfg = Release|Any CPU
		{8434EB4C-83EF-4BA2-A1CC-041614B5076C}.AppStore|Any CPU.Build.0 = Release|Any CPU
		{8434EB4C-83EF-4BA2-A1CC-041614B5076C}.AppStore|iPhone.ActiveCfg = Release|Any CPU
		{8434EB4C-83EF-4BA2-A1CC-041614B5076C}.AppStore|iPhone.Build.0 = Release|Any CPU
		{8434EB4C-83EF-4BA2-A1CC-041614B5076C}.AppStore|iPhoneSimulator.ActiveCfg = Release|Any CPU
		{8434EB4C-83EF-4BA2-A1CC-041614B5076C}.AppStore|iPhoneSimulator.Build.0 = Release|Any CPU
		{8434EB4C-83EF-4BA2-A1CC-041614B5076C}.Debug|Any CPU.ActiveCfg = Debug|Any CPU
		{8434EB4C-83EF-4BA2-A1CC-041614B5076C}.Debug|Any CPU.Build.0 = Debug|Any CPU
		{8434EB4C-83EF-4BA2-A1CC-041614B5076C}.Debug|iPhone.ActiveCfg = Debug|Any CPU
		{8434EB4C-83EF-4BA2-A1CC-041614B5076C}.Debug|iPhone.Build.0 = Debug|Any CPU
		{8434EB4C-83EF-4BA2-A1CC-041614B5076C}.Debug|iPhoneSimulator.ActiveCfg = Debug|Any CPU
		{8434EB4C-83EF-4BA2-A1CC-041614B5076C}.Debug|iPhoneSimulator.Build.0 = Debug|Any CPU
		{8434EB4C-83EF-4BA2-A1CC-041614B5076C}.Release|Any CPU.ActiveCfg = Release|Any CPU
		{8434EB4C-83EF-4BA2-A1CC-041614B5076C}.Release|Any CPU.Build.0 = Release|Any CPU
		{8434EB4C-83EF-4BA2-A1CC-041614B5076C}.Release|iPhone.ActiveCfg = Release|Any CPU
		{8434EB4C-83EF-4BA2-A1CC-041614B5076C}.Release|iPhone.Build.0 = Release|Any CPU
		{8434EB4C-83EF-4BA2-A1CC-041614B5076C}.Release|iPhoneSimulator.ActiveCfg = Release|Any CPU
		{8434EB4C-83EF-4BA2-A1CC-041614B5076C}.Release|iPhoneSimulator.Build.0 = Release|Any CPU
		{E72653EC-CD62-4E52-8760-3F62A6553078}.Ad-Hoc|Any CPU.ActiveCfg = Release|Any CPU
		{E72653EC-CD62-4E52-8760-3F62A6553078}.Ad-Hoc|Any CPU.Build.0 = Release|Any CPU
		{E72653EC-CD62-4E52-8760-3F62A6553078}.Ad-Hoc|iPhone.ActiveCfg = Release|Any CPU
		{E72653EC-CD62-4E52-8760-3F62A6553078}.Ad-Hoc|iPhone.Build.0 = Release|Any CPU
		{E72653EC-CD62-4E52-8760-3F62A6553078}.Ad-Hoc|iPhoneSimulator.ActiveCfg = Release|Any CPU
		{E72653EC-CD62-4E52-8760-3F62A6553078}.Ad-Hoc|iPhoneSimulator.Build.0 = Release|Any CPU
		{E72653EC-CD62-4E52-8760-3F62A6553078}.AppStore|Any CPU.ActiveCfg = Release|Any CPU
		{E72653EC-CD62-4E52-8760-3F62A6553078}.AppStore|Any CPU.Build.0 = Release|Any CPU
		{E72653EC-CD62-4E52-8760-3F62A6553078}.AppStore|iPhone.ActiveCfg = Release|Any CPU
		{E72653EC-CD62-4E52-8760-3F62A6553078}.AppStore|iPhone.Build.0 = Release|Any CPU
		{E72653EC-CD62-4E52-8760-3F62A6553078}.AppStore|iPhoneSimulator.ActiveCfg = Release|Any CPU
		{E72653EC-CD62-4E52-8760-3F62A6553078}.AppStore|iPhoneSimulator.Build.0 = Release|Any CPU
		{E72653EC-CD62-4E52-8760-3F62A6553078}.Debug|Any CPU.ActiveCfg = Debug|Any CPU
		{E72653EC-CD62-4E52-8760-3F62A6553078}.Debug|Any CPU.Build.0 = Debug|Any CPU
		{E72653EC-CD62-4E52-8760-3F62A6553078}.Debug|iPhone.ActiveCfg = Debug|Any CPU
		{E72653EC-CD62-4E52-8760-3F62A6553078}.Debug|iPhone.Build.0 = Debug|Any CPU
		{E72653EC-CD62-4E52-8760-3F62A6553078}.Debug|iPhoneSimulator.ActiveCfg = Debug|Any CPU
		{E72653EC-CD62-4E52-8760-3F62A6553078}.Debug|iPhoneSimulator.Build.0 = Debug|Any CPU
		{E72653EC-CD62-4E52-8760-3F62A6553078}.Release|Any CPU.ActiveCfg = Release|Any CPU
		{E72653EC-CD62-4E52-8760-3F62A6553078}.Release|Any CPU.Build.0 = Release|Any CPU
		{E72653EC-CD62-4E52-8760-3F62A6553078}.Release|iPhone.ActiveCfg = Release|Any CPU
		{E72653EC-CD62-4E52-8760-3F62A6553078}.Release|iPhone.Build.0 = Release|Any CPU
		{E72653EC-CD62-4E52-8760-3F62A6553078}.Release|iPhoneSimulator.ActiveCfg = Release|Any CPU
		{E72653EC-CD62-4E52-8760-3F62A6553078}.Release|iPhoneSimulator.Build.0 = Release|Any CPU
		{58D55A1C-2169-4760-9BC3-4361741C6A25}.Ad-Hoc|Any CPU.ActiveCfg = Release|Any CPU
		{58D55A1C-2169-4760-9BC3-4361741C6A25}.Ad-Hoc|Any CPU.Build.0 = Release|Any CPU
		{58D55A1C-2169-4760-9BC3-4361741C6A25}.Ad-Hoc|iPhone.ActiveCfg = Release|Any CPU
		{58D55A1C-2169-4760-9BC3-4361741C6A25}.Ad-Hoc|iPhone.Build.0 = Release|Any CPU
		{58D55A1C-2169-4760-9BC3-4361741C6A25}.Ad-Hoc|iPhoneSimulator.ActiveCfg = Release|Any CPU
		{58D55A1C-2169-4760-9BC3-4361741C6A25}.Ad-Hoc|iPhoneSimulator.Build.0 = Release|Any CPU
		{58D55A1C-2169-4760-9BC3-4361741C6A25}.AppStore|Any CPU.ActiveCfg = Release|Any CPU
		{58D55A1C-2169-4760-9BC3-4361741C6A25}.AppStore|Any CPU.Build.0 = Release|Any CPU
		{58D55A1C-2169-4760-9BC3-4361741C6A25}.AppStore|iPhone.ActiveCfg = Release|Any CPU
		{58D55A1C-2169-4760-9BC3-4361741C6A25}.AppStore|iPhone.Build.0 = Release|Any CPU
		{58D55A1C-2169-4760-9BC3-4361741C6A25}.AppStore|iPhoneSimulator.ActiveCfg = Release|Any CPU
		{58D55A1C-2169-4760-9BC3-4361741C6A25}.AppStore|iPhoneSimulator.Build.0 = Release|Any CPU
		{58D55A1C-2169-4760-9BC3-4361741C6A25}.Debug|Any CPU.ActiveCfg = Debug|Any CPU
		{58D55A1C-2169-4760-9BC3-4361741C6A25}.Debug|Any CPU.Build.0 = Debug|Any CPU
		{58D55A1C-2169-4760-9BC3-4361741C6A25}.Debug|iPhone.ActiveCfg = Debug|Any CPU
		{58D55A1C-2169-4760-9BC3-4361741C6A25}.Debug|iPhone.Build.0 = Debug|Any CPU
		{58D55A1C-2169-4760-9BC3-4361741C6A25}.Debug|iPhoneSimulator.ActiveCfg = Debug|Any CPU
		{58D55A1C-2169-4760-9BC3-4361741C6A25}.Debug|iPhoneSimulator.Build.0 = Debug|Any CPU
		{58D55A1C-2169-4760-9BC3-4361741C6A25}.Release|Any CPU.ActiveCfg = Release|Any CPU
		{58D55A1C-2169-4760-9BC3-4361741C6A25}.Release|Any CPU.Build.0 = Release|Any CPU
		{58D55A1C-2169-4760-9BC3-4361741C6A25}.Release|iPhone.ActiveCfg = Release|Any CPU
		{58D55A1C-2169-4760-9BC3-4361741C6A25}.Release|iPhone.Build.0 = Release|Any CPU
		{58D55A1C-2169-4760-9BC3-4361741C6A25}.Release|iPhoneSimulator.ActiveCfg = Release|Any CPU
		{58D55A1C-2169-4760-9BC3-4361741C6A25}.Release|iPhoneSimulator.Build.0 = Release|Any CPU
	EndGlobalSection
	GlobalSection(SolutionProperties) = preSolution
		HideSolutionNode = FALSE
	EndGlobalSection
	GlobalSection(ExtensibilityGlobals) = postSolution
		SolutionGuid = {54128C65-82B5-4A95-B524-FCA4B4A5A8FE}
	EndGlobalSection
EndGlobal
